
Microsoft Visual Studio Solution File, Format Version 12.00
# Visual Studio 14
VisualStudioVersion = 14.0.25420.1
MinimumVisualStudioVersion = 10.0.40219.1
Project("{FAE04EC0-301F-11D3-BF4B-00C04F79EFBC}") = "DbFormValidate", "DbFormValidate\DbFormValidate.csproj", "{D15A762F-54D6-41AE-959D-04824B2F2AFA}"
EndProject
Project("{FAE04EC0-301F-11D3-BF4B-00C04F79EFBC}") = "Conn", "Conn\Conn.csproj", "{F773902F-3D0A-407E-AFA9-763CA74DCA0E}"
EndProject
Global
	GlobalSection(SolutionConfigurationPlatforms) = preSolution
		Debug|Any CPU = Debug|Any CPU
		Release|Any CPU = Release|Any CPU
	EndGlobalSection
	GlobalSection(ProjectConfigurationPlatforms) = postSolution
		{D15A762F-54D6-41AE-959D-04824B2F2AFA}.Debug|Any CPU.ActiveCfg = Debug|Any CPU
		{D15A762F-54D6-41AE-959D-04824B2F2AFA}.Debug|Any CPU.Build.0 = Debug|Any CPU
		{D15A762F-54D6-41AE-959D-04824B2F2AFA}.Release|Any CPU.ActiveCfg = Release|Any CPU
		{D15A762F-54D6-41AE-959D-04824B2F2AFA}.Release|Any CPU.Build.0 = Release|Any CPU
		{F773902F-3D0A-407E-AFA9-763CA74DCA0E}.Debug|Any CPU.ActiveCfg = Debug|Any CPU
		{F773902F-3D0A-407E-AFA9-763CA74DCA0E}.Debug|Any CPU.Build.0 = Debug|Any CPU
		{F773902F-3D0A-407E-AFA9-763CA74DCA0E}.Release|Any CPU.ActiveCfg = Release|Any CPU
		{F773902F-3D0A-407E-AFA9-763CA74DCA0E}.Release|Any CPU.Build.0 = Release|Any CPU
	EndGlobalSection
	GlobalSection(SolutionProperties) = preSolution
		HideSolutionNode = FALSE
	EndGlobalSection
EndGlobal
